Microsoft Visual Studio Solution File, Format Version 12.00
# Visual Studio Version 17
VisualStudioVersion = 17.14.35906.104
MinimumVisualStudioVersion = 10.0.40219.1
Project("{FAE04EC0-301F-11D3-BF4B-00C04F79EFBC}") = "InglesEscuela", "InglesEscuela.csproj", "{C6B29D67-E3A6-4804-B2D6-26947B5D1E2C}"
EndProject
Global
	GlobalSection(SolutionConfigurationPlatforms) = preSolution
		Debug|Any CPU = Debug|Any CPU
		Release|Any CPU = Release|Any CPU
	EndGlobalSection
	GlobalSection(ProjectConfigurationPlatforms) = postSolution
		{C6B29D67-E3A6-4804-B2D6-26947B5D1E2C}.Debug|Any CPU.ActiveCfg = Debug|Any CPU
		{C6B29D67-E3A6-4804-B2D6-26947B5D1E2C}.Debug|Any CPU.Build.0 = Debug|Any CPU
		{C6B29D67-E3A6-4804-B2D6-26947B5D1E2C}.Release|Any CPU.ActiveCfg = Release|Any CPU
		{C6B29D67-E3A6-4804-B2D6-26947B5D1E2C}.Release|Any CPU.Build.0 = Release|Any CPU
	EndGlobalSection
	GlobalSection(SolutionProperties) = preSolution
		HideSolutionNode = FALSE
	EndGlobalSection
	GlobalSection(ExtensibilityGlobals) = postSolution
		SolutionGuid = {4963A63E-2847-4195-B4D8-1AA02D6A6BA8}
	EndGlobalSection
EndGlobal
